
Microsoft Visual Studio Solution File, Format Version 12.00
# Visual Studio Version 17
VisualStudioVersion = 17.3.32804.467
MinimumVisualStudioVersion = 10.0.40219.1
Project("{FAE04EC0-301F-11D3-BF4B-00C04F79EFBC}") = "Reflection_Metadata", "Reflection_Metadata\Reflection_Metadata.csproj", "{1D9111DB-5E8B-4E3E-8F27-BB647BB55425}"
EndProject
Global
	GlobalSection(SolutionConfigurationPlatforms) = preSolution
		Debug|Any CPU = Debug|Any CPU
		Release|Any CPU = Release|Any CPU
	EndGlobalSection
	GlobalSection(ProjectConfigurationPlatforms) = postSolution
		{1D9111DB-5E8B-4E3E-8F27-BB647BB55425}.Debug|Any CPU.ActiveCfg = Debug|Any CPU
		{1D9111DB-5E8B-4E3E-8F27-BB647BB55425}.Debug|Any CPU.Build.0 = Debug|Any CPU
		{1D9111DB-5E8B-4E3E-8F27-BB647BB55425}.Release|Any CPU.ActiveCfg = Release|Any CPU
		{1D9111DB-5E8B-4E3E-8F27-BB647BB55425}.Release|Any CPU.Build.0 = Release|Any CPU
	EndGlobalSection
	GlobalSection(SolutionProperties) = preSolution
		HideSolutionNode = FALSE
	EndGlobalSection
	GlobalSection(ExtensibilityGlobals) = postSolution
		SolutionGuid = {06764C5B-35D0-4CA8-89BA-08B1356DEA8F}
	EndGlobalSection
EndGlobal
